
Microsoft Visual Studio Solution File, Format Version 12.00
# Visual Studio Version 17
VisualStudioVersion = 17.8.34330.188
MinimumVisualStudioVersion = 10.0.40219.1
Project("{FAE04EC0-301F-11D3-BF4B-00C04F79EFBC}") = "GestionDeEstudiantes", "GestionDeEstudiantes\GestionDeEstudiantes.csproj", "{0713C0C0-9F64-49EA-AC85-B9B6557A740C}"
EndProject
Global
	GlobalSection(SolutionConfigurationPlatforms) = preSolution
		Debug|Any CPU = Debug|Any CPU
		Release|Any CPU = Release|Any CPU
	EndGlobalSection
	GlobalSection(ProjectConfigurationPlatforms) = postSolution
		{0713C0C0-9F64-49EA-AC85-B9B6557A740C}.Debug|Any CPU.ActiveCfg = Debug|Any CPU
		{0713C0C0-9F64-49EA-AC85-B9B6557A740C}.Debug|Any CPU.Build.0 = Debug|Any CPU
		{0713C0C0-9F64-49EA-AC85-B9B6557A740C}.Release|Any CPU.ActiveCfg = Release|Any CPU
		{0713C0C0-9F64-49EA-AC85-B9B6557A740C}.Release|Any CPU.Build.0 = Release|Any CPU
	EndGlobalSection
	GlobalSection(SolutionProperties) = preSolution
		HideSolutionNode = FALSE
	EndGlobalSection
	GlobalSection(ExtensibilityGlobals) = postSolution
		SolutionGuid = {353E4A39-3E08-4D8D-94D7-D236FB5E2590}
	EndGlobalSection
EndGlobal
